
Microsoft Visual Studio Solution File, Format Version 12.00
# Visual Studio 15
VisualStudioVersion = 15.0.28307.421
MinimumVisualStudioVersion = 10.0.40219.1
Project("{9A19103F-16F7-4668-BE54-9A1E7A4F7556}") = "07.MaxSequenceOfEqualElements", "07.MaxSequenceOfEqualElements\07.MaxSequenceOfEqualElements.csproj", "{E1917FA3-AEC2-49C3-B004-A75BF070DE99}"
EndProject
Global
	GlobalSection(SolutionConfigurationPlatforms) = preSolution
		Debug|Any CPU = Debug|Any CPU
		Release|Any CPU = Release|Any CPU
	EndGlobalSection
	GlobalSection(ProjectConfigurationPlatforms) = postSolution
		{E1917FA3-AEC2-49C3-B004-A75BF070DE99}.Debug|Any CPU.ActiveCfg = Debug|Any CPU
		{E1917FA3-AEC2-49C3-B004-A75BF070DE99}.Debug|Any CPU.Build.0 = Debug|Any CPU
		{E1917FA3-AEC2-49C3-B004-A75BF070DE99}.Release|Any CPU.ActiveCfg = Release|Any CPU
		{E1917FA3-AEC2-49C3-B004-A75BF070DE99}.Release|Any CPU.Build.0 = Release|Any CPU
	EndGlobalSection
	GlobalSection(SolutionProperties) = preSolution
		HideSolutionNode = FALSE
	EndGlobalSection
	GlobalSection(ExtensibilityGlobals) = postSolution
		SolutionGuid = {3023700D-B012-46EB-B979-7A163B3D7A8F}
	EndGlobalSection
EndGlobal
