
Microsoft Visual Studio Solution File, Format Version 12.00
# Visual Studio 15
VisualStudioVersion = 15.0.28307.421
MinimumVisualStudioVersion = 10.0.40219.1
Project("{9A19103F-16F7-4668-BE54-9A1E7A4F7556}") = "09.PokemonDontGo", "09.PokemonDontGo\09.PokemonDontGo.csproj", "{525180D3-4909-4BEF-BE2C-C9A42B1F9CF1}"
EndProject
Global
	GlobalSection(SolutionConfigurationPlatforms) = preSolution
		Debug|Any CPU = Debug|Any CPU
		Release|Any CPU = Release|Any CPU
	EndGlobalSection
	GlobalSection(ProjectConfigurationPlatforms) = postSolution
		{525180D3-4909-4BEF-BE2C-C9A42B1F9CF1}.Debug|Any CPU.ActiveCfg = Debug|Any CPU
		{525180D3-4909-4BEF-BE2C-C9A42B1F9CF1}.Debug|Any CPU.Build.0 = Debug|Any CPU
		{525180D3-4909-4BEF-BE2C-C9A42B1F9CF1}.Release|Any CPU.ActiveCfg = Release|Any CPU
		{525180D3-4909-4BEF-BE2C-C9A42B1F9CF1}.Release|Any CPU.Build.0 = Release|Any CPU
	EndGlobalSection
	GlobalSection(SolutionProperties) = preSolution
		HideSolutionNode = FALSE
	EndGlobalSection
	GlobalSection(ExtensibilityGlobals) = postSolution
		SolutionGuid = {E1217C12-D0B2-4730-9CB7-F006ECE58219}
	EndGlobalSection
EndGlobal
