
Microsoft Visual Studio Solution File, Format Version 12.00
# Visual Studio 15
VisualStudioVersion = 15.0.28307.421
MinimumVisualStudioVersion = 10.0.40219.1
Project("{9A19103F-16F7-4668-BE54-9A1E7A4F7556}") = "01.IntegerOperations", "01.IntegerOperations\01.IntegerOperations.csproj", "{9B6C52E0-97F8-4C9B-812E-E7AAF2D2CAA5}"
EndProject
Global
	GlobalSection(SolutionConfigurationPlatforms) = preSolution
		Debug|Any CPU = Debug|Any CPU
		Release|Any CPU = Release|Any CPU
	EndGlobalSection
	GlobalSection(ProjectConfigurationPlatforms) = postSolution
		{9B6C52E0-97F8-4C9B-812E-E7AAF2D2CAA5}.Debug|Any CPU.ActiveCfg = Debug|Any CPU
		{9B6C52E0-97F8-4C9B-812E-E7AAF2D2CAA5}.Debug|Any CPU.Build.0 = Debug|Any CPU
		{9B6C52E0-97F8-4C9B-812E-E7AAF2D2CAA5}.Release|Any CPU.ActiveCfg = Release|Any CPU
		{9B6C52E0-97F8-4C9B-812E-E7AAF2D2CAA5}.Release|Any CPU.Build.0 = Release|Any CPU
	EndGlobalSection
	GlobalSection(SolutionProperties) = preSolution
		HideSolutionNode = FALSE
	EndGlobalSection
	GlobalSection(ExtensibilityGlobals) = postSolution
		SolutionGuid = {87E6928A-02E1-4ACF-84EC-2D78208627D3}
	EndGlobalSection
EndGlobal
