
Microsoft Visual Studio Solution File, Format Version 12.00
# Visual Studio 15
VisualStudioVersion = 15.0.28307.421
MinimumVisualStudioVersion = 10.0.40219.1
Project("{FAE04EC0-301F-11D3-BF4B-00C04F79EFBC}") = "01.CountCharsInAString", "01.CountCharsInAString\01.CountCharsInAString.csproj", "{51957ABA-305A-4B7E-BC47-A7562CDF4B00}"
EndProject
Global
	GlobalSection(SolutionConfigurationPlatforms) = preSolution
		Debug|Any CPU = Debug|Any CPU
		Release|Any CPU = Release|Any CPU
	EndGlobalSection
	GlobalSection(ProjectConfigurationPlatforms) = postSolution
		{51957ABA-305A-4B7E-BC47-A7562CDF4B00}.Debug|Any CPU.ActiveCfg = Debug|Any CPU
		{51957ABA-305A-4B7E-BC47-A7562CDF4B00}.Debug|Any CPU.Build.0 = Debug|Any CPU
		{51957ABA-305A-4B7E-BC47-A7562CDF4B00}.Release|Any CPU.ActiveCfg = Release|Any CPU
		{51957ABA-305A-4B7E-BC47-A7562CDF4B00}.Release|Any CPU.Build.0 = Release|Any CPU
	EndGlobalSection
	GlobalSection(SolutionProperties) = preSolution
		HideSolutionNode = FALSE
	EndGlobalSection
	GlobalSection(ExtensibilityGlobals) = postSolution
		SolutionGuid = {B4C6FF2F-DD89-4BE6-A845-7E2490A49379}
	EndGlobalSection
EndGlobal
