
Microsoft Visual Studio Solution File, Format Version 12.00
# Visual Studio 15
VisualStudioVersion = 15.0.28307.421
MinimumVisualStudioVersion = 10.0.40219.1
Project("{FAE04EC0-301F-11D3-BF4B-00C04F79EFBC}") = "04.Orders", "04.Orders\04.Orders.csproj", "{AB00CA21-5273-4362-9CD1-A3EEF8FC93FA}"
EndProject
Global
	GlobalSection(SolutionConfigurationPlatforms) = preSolution
		Debug|Any CPU = Debug|Any CPU
		Release|Any CPU = Release|Any CPU
	EndGlobalSection
	GlobalSection(ProjectConfigurationPlatforms) = postSolution
		{AB00CA21-5273-4362-9CD1-A3EEF8FC93FA}.Debug|Any CPU.ActiveCfg = Debug|Any CPU
		{AB00CA21-5273-4362-9CD1-A3EEF8FC93FA}.Debug|Any CPU.Build.0 = Debug|Any CPU
		{AB00CA21-5273-4362-9CD1-A3EEF8FC93FA}.Release|Any CPU.ActiveCfg = Release|Any CPU
		{AB00CA21-5273-4362-9CD1-A3EEF8FC93FA}.Release|Any CPU.Build.0 = Release|Any CPU
	EndGlobalSection
	GlobalSection(SolutionProperties) = preSolution
		HideSolutionNode = FALSE
	EndGlobalSection
	GlobalSection(ExtensibilityGlobals) = postSolution
		SolutionGuid = {B4C6FF2F-DD89-4BE6-A845-7E2490A49379}
	EndGlobalSection
EndGlobal
